
Microsoft Visual Studio Solution File, Format Version 12.00
# Visual Studio Version 16
VisualStudioVersion = 16.0.30114.105
MinimumVisualStudioVersion = 10.0.40219.1
Project("{FAE04EC0-301F-11D3-BF4B-00C04F79EFBC}") = "ItPlaylistOut", "ItPlaylistOut\ItPlaylistOut.csproj", "{CCE245F2-0FB3-418A-A4BA-87461E81D02F}"
EndProject
Project("{FAE04EC0-301F-11D3-BF4B-00C04F79EFBC}") = "SimplePlistXmlRead", "SimplePlistXmlRead\SimplePlistXmlRead.csproj", "{9B7EE142-9677-49CE-A353-B2BBD87CBB99}"
EndProject
Project("{FAE04EC0-301F-11D3-BF4B-00C04F79EFBC}") = "ItMusicInfo", "ItMusicInfo\ItMusicInfo.csproj", "{2A83A8E0-EE0A-4AAC-95CE-F8826B8275B8}"
EndProject
Project("{FAE04EC0-301F-11D3-BF4B-00C04F79EFBC}") = "ItMusicInfo.Itunes.Windows", "ItMusicInfo.Itunes.Windows\ItMusicInfo.Itunes.Windows.csproj", "{076494A0-FCD3-4CE6-AF34-184F3123AE38}"
EndProject
Global
	GlobalSection(SolutionConfigurationPlatforms) = preSolution
		Debug|Any CPU = Debug|Any CPU
		Debug|x64 = Debug|x64
		Debug|x86 = Debug|x86
		Release|Any CPU = Release|Any CPU
		Release|x64 = Release|x64
		Release|x86 = Release|x86
	EndGlobalSection
	GlobalSection(SolutionProperties) = preSolution
		HideSolutionNode = FALSE
	EndGlobalSection
	GlobalSection(ProjectConfigurationPlatforms) = postSolution
		{CCE245F2-0FB3-418A-A4BA-87461E81D02F}.Debug|Any CPU.ActiveCfg = Debug|Any CPU
		{CCE245F2-0FB3-418A-A4BA-87461E81D02F}.Debug|Any CPU.Build.0 = Debug|Any CPU
		{CCE245F2-0FB3-418A-A4BA-87461E81D02F}.Debug|x64.ActiveCfg = Debug|Any CPU
		{CCE245F2-0FB3-418A-A4BA-87461E81D02F}.Debug|x64.Build.0 = Debug|Any CPU
		{CCE245F2-0FB3-418A-A4BA-87461E81D02F}.Debug|x86.ActiveCfg = Debug|Any CPU
		{CCE245F2-0FB3-418A-A4BA-87461E81D02F}.Debug|x86.Build.0 = Debug|Any CPU
		{CCE245F2-0FB3-418A-A4BA-87461E81D02F}.Release|Any CPU.ActiveCfg = Release|Any CPU
		{CCE245F2-0FB3-418A-A4BA-87461E81D02F}.Release|Any CPU.Build.0 = Release|Any CPU
		{CCE245F2-0FB3-418A-A4BA-87461E81D02F}.Release|x64.ActiveCfg = Release|Any CPU
		{CCE245F2-0FB3-418A-A4BA-87461E81D02F}.Release|x64.Build.0 = Release|Any CPU
		{CCE245F2-0FB3-418A-A4BA-87461E81D02F}.Release|x86.ActiveCfg = Release|Any CPU
		{CCE245F2-0FB3-418A-A4BA-87461E81D02F}.Release|x86.Build.0 = Release|Any CPU
		{9B7EE142-9677-49CE-A353-B2BBD87CBB99}.Debug|Any CPU.ActiveCfg = Debug|Any CPU
		{9B7EE142-9677-49CE-A353-B2BBD87CBB99}.Debug|Any CPU.Build.0 = Debug|Any CPU
		{9B7EE142-9677-49CE-A353-B2BBD87CBB99}.Debug|x64.ActiveCfg = Debug|Any CPU
		{9B7EE142-9677-49CE-A353-B2BBD87CBB99}.Debug|x64.Build.0 = Debug|Any CPU
		{9B7EE142-9677-49CE-A353-B2BBD87CBB99}.Debug|x86.ActiveCfg = Debug|Any CPU
		{9B7EE142-9677-49CE-A353-B2BBD87CBB99}.Debug|x86.Build.0 = Debug|Any CPU
		{9B7EE142-9677-49CE-A353-B2BBD87CBB99}.Release|Any CPU.ActiveCfg = Release|Any CPU
		{9B7EE142-9677-49CE-A353-B2BBD87CBB99}.Release|Any CPU.Build.0 = Release|Any CPU
		{9B7EE142-9677-49CE-A353-B2BBD87CBB99}.Release|x64.ActiveCfg = Release|Any CPU
		{9B7EE142-9677-49CE-A353-B2BBD87CBB99}.Release|x64.Build.0 = Release|Any CPU
		{9B7EE142-9677-49CE-A353-B2BBD87CBB99}.Release|x86.ActiveCfg = Release|Any CPU
		{9B7EE142-9677-49CE-A353-B2BBD87CBB99}.Release|x86.Build.0 = Release|Any CPU
		{2A83A8E0-EE0A-4AAC-95CE-F8826B8275B8}.Debug|Any CPU.ActiveCfg = Debug|Any CPU
		{2A83A8E0-EE0A-4AAC-95CE-F8826B8275B8}.Debug|Any CPU.Build.0 = Debug|Any CPU
		{2A83A8E0-EE0A-4AAC-95CE-F8826B8275B8}.Debug|x64.ActiveCfg = Debug|Any CPU
		{2A83A8E0-EE0A-4AAC-95CE-F8826B8275B8}.Debug|x64.Build.0 = Debug|Any CPU
		{2A83A8E0-EE0A-4AAC-95CE-F8826B8275B8}.Debug|x86.ActiveCfg = Debug|Any CPU
		{2A83A8E0-EE0A-4AAC-95CE-F8826B8275B8}.Debug|x86.Build.0 = Debug|Any CPU
		{2A83A8E0-EE0A-4AAC-95CE-F8826B8275B8}.Release|Any CPU.ActiveCfg = Release|Any CPU
		{2A83A8E0-EE0A-4AAC-95CE-F8826B8275B8}.Release|Any CPU.Build.0 = Release|Any CPU
		{2A83A8E0-EE0A-4AAC-95CE-F8826B8275B8}.Release|x64.ActiveCfg = Release|Any CPU
		{2A83A8E0-EE0A-4AAC-95CE-F8826B8275B8}.Release|x64.Build.0 = Release|Any CPU
		{2A83A8E0-EE0A-4AAC-95CE-F8826B8275B8}.Release|x86.ActiveCfg = Release|Any CPU
		{2A83A8E0-EE0A-4AAC-95CE-F8826B8275B8}.Release|x86.Build.0 = Release|Any CPU
		{076494A0-FCD3-4CE6-AF34-184F3123AE38}.Debug|Any CPU.ActiveCfg = Debug|Any CPU
		{076494A0-FCD3-4CE6-AF34-184F3123AE38}.Debug|Any CPU.Build.0 = Debug|Any CPU
		{076494A0-FCD3-4CE6-AF34-184F3123AE38}.Debug|x64.ActiveCfg = Debug|Any CPU
		{076494A0-FCD3-4CE6-AF34-184F3123AE38}.Debug|x64.Build.0 = Debug|Any CPU
		{076494A0-FCD3-4CE6-AF34-184F3123AE38}.Debug|x86.ActiveCfg = Debug|Any CPU
		{076494A0-FCD3-4CE6-AF34-184F3123AE38}.Debug|x86.Build.0 = Debug|Any CPU
		{076494A0-FCD3-4CE6-AF34-184F3123AE38}.Release|Any CPU.ActiveCfg = Release|Any CPU
		{076494A0-FCD3-4CE6-AF34-184F3123AE38}.Release|Any CPU.Build.0 = Release|Any CPU
		{076494A0-FCD3-4CE6-AF34-184F3123AE38}.Release|x64.ActiveCfg = Release|Any CPU
		{076494A0-FCD3-4CE6-AF34-184F3123AE38}.Release|x64.Build.0 = Release|Any CPU
		{076494A0-FCD3-4CE6-AF34-184F3123AE38}.Release|x86.ActiveCfg = Release|Any CPU
		{076494A0-FCD3-4CE6-AF34-184F3123AE38}.Release|x86.Build.0 = Release|Any CPU
	EndGlobalSection
EndGlobal
